// !$*UTF8*$!
{
	archiveVersion = 1;
	classes = {
	};
	objectVersion = 56;
	objects = {

/* Begin PBXBuildFile section */
		3246F65E29C0AB66003A8503 /* ScoresModel.swift in Sources */ = {isa = PBXBuildFile; fileRef = 3246F65D29C0AB66003A8503 /* ScoresModel.swift */; };
		3246F66029C0B494003A8503 /* ScoresTableViewController.swift in Sources */ = {isa = PBXBuildFile; fileRef = 3246F65F29C0B494003A8503 /* ScoresTableViewController.swift */; };
		325A41CD29C6480800C2CBE2 /* Extensions.swift in Sources */ = {isa = PBXBuildFile; fileRef = 325A41CC29C6480800C2CBE2 /* Extensions.swift */; };
		325AA56429C830B500AEC221 /* Favorites.storyboard in Resources */ = {isa = PBXBuildFile; fileRef = 325AA56229C830B500AEC221 /* Favorites.storyboard */; };
		325E539629C56A7000565792 /* ViewLogic.swift in Sources */ = {isa = PBXBuildFile; fileRef = 325E539529C56A7000565792 /* ViewLogic.swift */; };
		325F60B429C35113000D9F65 /* DetailViewController.swift in Sources */ = {isa = PBXBuildFile; fileRef = 325F60B329C35113000D9F65 /* DetailViewController.swift */; };
		325F60B629C41E7B000D9F65 /* AddScoreViewController.swift in Sources */ = {isa = PBXBuildFile; fileRef = 325F60B529C41E7B000D9F65 /* AddScoreViewController.swift */; };
		325F60B829C41FBB000D9F65 /* FavoritesViewController.swift in Sources */ = {isa = PBXBuildFile; fileRef = 325F60B729C41FBB000D9F65 /* FavoritesViewController.swift */; };
		325F60BA29C42066000D9F65 /* ModelPersistence.swift in Sources */ = {isa = PBXBuildFile; fileRef = 325F60B929C42066000D9F65 /* ModelPersistence.swift */; };
		325F60BE29C42649000D9F65 /* ModelLogic.swift in Sources */ = {isa = PBXBuildFile; fileRef = 325F60BD29C42649000D9F65 /* ModelLogic.swift */; };
		329D7B1C29FF15CD008B6E0B /* MainOld.storyboard in Resources */ = {isa = PBXBuildFile; fileRef = 329D7B1A29FF15CD008B6E0B /* MainOld.storyboard */; };
		329D7B1E29FF76DA008B6E0B /* DiffableScoreTableVC.swift in Sources */ = {isa = PBXBuildFile; fileRef = 329D7B1D29FF76DA008B6E0B /* DiffableScoreTableVC.swift */; };
		329D7B2229FF77A6008B6E0B /* ZeldaScoreNewCell.swift in Sources */ = {isa = PBXBuildFile; fileRef = 329D7B2129FF77A6008B6E0B /* ZeldaScoreNewCell.swift */; };
		32EAC20129BFAA5100C01191 /* AppDelegate.swift in Sources */ = {isa = PBXBuildFile; fileRef = 32EAC20029BFAA5100C01191 /* AppDelegate.swift */; };
		32EAC20329BFAA5100C01191 /* SceneDelegate.swift in Sources */ = {isa = PBXBuildFile; fileRef = 32EAC20229BFAA5100C01191 /* SceneDelegate.swift */; };
		32EAC20829BFAA5100C01191 /* Main.storyboard in Resources */ = {isa = PBXBuildFile; fileRef = 32EAC20629BFAA5100C01191 /* Main.storyboard */; };
		32EAC20A29BFAA5400C01191 /* Assets.xcassets in Resources */ = {isa = PBXBuildFile; fileRef = 32EAC20929BFAA5400C01191 /* Assets.xcassets */; };
		32EAC20D29BFAA5400C01191 /* LaunchScreen.storyboard in Resources */ = {isa = PBXBuildFile; fileRef = 32EAC20B29BFAA5400C01191 /* LaunchScreen.storyboard */; };
		32EAC21A29BFABAE00C01191 /* scoresdata.json in Resources */ = {isa = PBXBuildFile; fileRef = 32EAC21929BFABAE00C01191 /* scoresdata.json */; };
		32FE580229FDE77C0088368E /* ZeldaViewCell.swift in Sources */ = {isa = PBXBuildFile; fileRef = 32FE580129FDE77C0088368E /* ZeldaViewCell.swift */; };
/* End PBXBuildFile section */

/* Begin PBXFileReference section */
		3246F65D29C0AB66003A8503 /* ScoresModel.swift */ = {isa = PBXFileReference; lastKnownFileType = sourcecode.swift; path = ScoresModel.swift; sourceTree = "<group>"; };
		3246F65F29C0B494003A8503 /* ScoresTableViewController.swift */ = {isa = PBXFileReference; lastKnownFileType = sourcecode.swift; path = ScoresTableViewController.swift; sourceTree = "<group>"; };
		325A41CC29C6480800C2CBE2 /* Extensions.swift */ = {isa = PBXFileReference; lastKnownFileType = sourcecode.swift; path = Extensions.swift; sourceTree = "<group>"; };
		325AA56329C830B500AEC221 /* Base */ = {isa = PBXFileReference; lastKnownFileType = file.storyboard; name = Base; path = Base.lproj/Favorites.storyboard; sourceTree = "<group>"; };
		325E539529C56A7000565792 /* ViewLogic.swift */ = {isa = PBXFileReference; lastKnownFileType = sourcecode.swift; path = ViewLogic.swift; sourceTree = "<group>"; };
		325F60B329C35113000D9F65 /* DetailViewController.swift */ = {isa = PBXFileReference; lastKnownFileType = sourcecode.swift; path = DetailViewController.swift; sourceTree = "<group>"; };
		325F60B529C41E7B000D9F65 /* AddScoreViewController.swift */ = {isa = PBXFileReference; lastKnownFileType = sourcecode.swift; path = AddScoreViewController.swift; sourceTree = "<group>"; };
		325F60B729C41FBB000D9F65 /* FavoritesViewController.swift */ = {isa = PBXFileReference; lastKnownFileType = sourcecode.swift; path = FavoritesViewController.swift; sourceTree = "<group>"; };
		325F60B929C42066000D9F65 /* ModelPersistence.swift */ = {isa = PBXFileReference; lastKnownFileType = sourcecode.swift; path = ModelPersistence.swift; sourceTree = "<group>"; };
		325F60BD29C42649000D9F65 /* ModelLogic.swift */ = {isa = PBXFileReference; lastKnownFileType = sourcecode.swift; path = ModelLogic.swift; sourceTree = "<group>"; };
		329D7B1B29FF15CD008B6E0B /* Base */ = {isa = PBXFileReference; lastKnownFileType = file.storyboard; name = Base; path = ScoresApp/Base.lproj/MainOld.storyboard; sourceTree = "<group>"; };
		329D7B1D29FF76DA008B6E0B /* DiffableScoreTableVC.swift */ = {isa = PBXFileReference; lastKnownFileType = sourcecode.swift; path = DiffableScoreTableVC.swift; sourceTree = "<group>"; };
		329D7B2129FF77A6008B6E0B /* ZeldaScoreNewCell.swift */ = {isa = PBXFileReference; lastKnownFileType = sourcecode.swift; path = ZeldaScoreNewCell.swift; sourceTree = "<group>"; };
		32EAC1FD29BFAA5100C01191 /* ScoresApp.app */ = {isa = PBXFileReference; explicitFileType = wrapper.application; includeInIndex = 0; path = ScoresApp.app; sourceTree = BUILT_PRODUCTS_DIR; };
		32EAC20029BFAA5100C01191 /* AppDelegate.swift */ = {isa = PBXFileReference; lastKnownFileType = sourcecode.swift; path = AppDelegate.swift; sourceTree = "<group>"; };
		32EAC20229BFAA5100C01191 /* SceneDelegate.swift */ = {isa = PBXFileReference; lastKnownFileType = sourcecode.swift; path = SceneDelegate.swift; sourceTree = "<group>"; };
		32EAC20729BFAA5100C01191 /* Base */ = {isa = PBXFileReference; lastKnownFileType = file.storyboard; name = Base; path = Base.lproj/Main.storyboard; sourceTree = "<group>"; };
		32EAC20929BFAA5400C01191 /* Assets.xcassets */ = {isa = PBXFileReference; lastKnownFileType = folder.assetcatalog; path = Assets.xcassets; sourceTree = "<group>"; };
		32EAC20C29BFAA5400C01191 /* Base */ = {isa = PBXFileReference; lastKnownFileType = file.storyboard; name = Base; path = Base.lproj/LaunchScreen.storyboard; sourceTree = "<group>"; };
		32EAC20E29BFAA5400C01191 /* Info.plist */ = {isa = PBXFileReference; lastKnownFileType = text.plist.xml; path = Info.plist; sourceTree = "<group>"; };
		32EAC21929BFABAE00C01191 /* scoresdata.json */ = {isa = PBXFileReference; fileEncoding = 4; lastKnownFileType = text.json; path = scoresdata.json; sourceTree = "<group>"; };
		32FE580129FDE77C0088368E /* ZeldaViewCell.swift */ = {isa = PBXFileReference; lastKnownFileType = sourcecode.swift; path = ZeldaViewCell.swift; sourceTree = "<group>"; };
/* End PBXFileReference section */

/* Begin PBXFrameworksBuildPhase section */
		32EAC1FA29BFAA5100C01191 /* Frameworks */ = {
			isa = PBXFrameworksBuildPhase;
			buildActionMask = 2147483647;
			files = (
			);
			runOnlyForDeploymentPostprocessing = 0;
		};
/* End PBXFrameworksBuildPhase section */

/* Begin PBXGroup section */
		325A41CB29C647EB00C2CBE2 /* Helpers */ = {
			isa = PBXGroup;
			children = (
				325A41CC29C6480800C2CBE2 /* Extensions.swift */,
			);
			name = Helpers;
			sourceTree = "<group>";
		};
		3277C60B29C7CB9600D28A87 /* Logic */ = {
			isa = PBXGroup;
			children = (
				325F60BD29C42649000D9F65 /* ModelLogic.swift */,
				325E539529C56A7000565792 /* ViewLogic.swift */,
			);
			name = Logic;
			sourceTree = "<group>";
		};
		329D7B2329FF77B7008B6E0B /* New Controller */ = {
			isa = PBXGroup;
			children = (
				329D7B1D29FF76DA008B6E0B /* DiffableScoreTableVC.swift */,
			);
			name = "New Controller";
			sourceTree = "<group>";
		};
		329D7B2429FF77DD008B6E0B /* Cells */ = {
			isa = PBXGroup;
			children = (
				329D7B2129FF77A6008B6E0B /* ZeldaScoreNewCell.swift */,
				32FE580129FDE77C0088368E /* ZeldaViewCell.swift */,
			);
			name = Cells;
			sourceTree = "<group>";
		};
		32EAC1F429BFAA5100C01191 = {
			isa = PBXGroup;
			children = (
				32EAC1FF29BFAA5100C01191 /* ScoresApp */,
				32EAC1FE29BFAA5100C01191 /* Products */,
			);
			sourceTree = "<group>";
		};
		32EAC1FE29BFAA5100C01191 /* Products */ = {
			isa = PBXGroup;
			children = (
				32EAC1FD29BFAA5100C01191 /* ScoresApp.app */,
			);
			name = Products;
			sourceTree = "<group>";
		};
		32EAC1FF29BFAA5100C01191 /* ScoresApp */ = {
			isa = PBXGroup;
			children = (
				329D7B2429FF77DD008B6E0B /* Cells */,
				329D7B2329FF77B7008B6E0B /* New Controller */,
				32EAC21829BFAB0C00C01191 /* View */,
				32EAC21729BFAAE300C01191 /* Controller */,
				3277C60B29C7CB9600D28A87 /* Logic */,
				32EAC21629BFAAD900C01191 /* Model */,
				325A41CB29C647EB00C2CBE2 /* Helpers */,
				32EAC21529BFAAC200C01191 /* Resources */,
				32EAC21429BFAA8B00C01191 /* system */,
			);
			path = ScoresApp;
			sourceTree = "<group>";
		};
		32EAC21429BFAA8B00C01191 /* system */ = {
			isa = PBXGroup;
			children = (
				32EAC20029BFAA5100C01191 /* AppDelegate.swift */,
				32EAC20229BFAA5100C01191 /* SceneDelegate.swift */,
				32EAC20929BFAA5400C01191 /* Assets.xcassets */,
				32EAC20B29BFAA5400C01191 /* LaunchScreen.storyboard */,
				32EAC20E29BFAA5400C01191 /* Info.plist */,
			);
			name = system;
			sourceTree = "<group>";
		};
		32EAC21529BFAAC200C01191 /* Resources */ = {
			isa = PBXGroup;
			children = (
				32EAC21929BFABAE00C01191 /* scoresdata.json */,
			);
			name = Resources;
			sourceTree = "<group>";
		};
		32EAC21629BFAAD900C01191 /* Model */ = {
			isa = PBXGroup;
			children = (
				3246F65D29C0AB66003A8503 /* ScoresModel.swift */,
				325F60B929C42066000D9F65 /* ModelPersistence.swift */,
			);
			name = Model;
			sourceTree = "<group>";
		};
		32EAC21729BFAAE300C01191 /* Controller */ = {
			isa = PBXGroup;
			children = (
				325F60B529C41E7B000D9F65 /* AddScoreViewController.swift */,
				3246F65F29C0B494003A8503 /* ScoresTableViewController.swift */,
				325F60B329C35113000D9F65 /* DetailViewController.swift */,
				325F60B729C41FBB000D9F65 /* FavoritesViewController.swift */,
			);
			name = Controller;
			sourceTree = "<group>";
		};
		32EAC21829BFAB0C00C01191 /* View */ = {
			isa = PBXGroup;
			children = (
				32EAC20629BFAA5100C01191 /* Main.storyboard */,
				329D7B1A29FF15CD008B6E0B /* MainOld.storyboard */,
				325AA56229C830B500AEC221 /* Favorites.storyboard */,
			);
			name = View;
			sourceTree = "<group>";
		};
/* End PBXGroup section */

/* Begin PBXNativeTarget section */
		32EAC1FC29BFAA5100C01191 /* ScoresApp */ = {
			isa = PBXNativeTarget;
			buildConfigurationList = 32EAC21129BFAA5400C01191 /* Build configuration list for PBXNativeTarget "ScoresApp" */;
			buildPhases = (
				32EAC1F929BFAA5100C01191 /* Sources */,
				32EAC1FA29BFAA5100C01191 /* Frameworks */,
				32EAC1FB29BFAA5100C01191 /* Resources */,
			);
			buildRules = (
			);
			dependencies = (
			);
			name = ScoresApp;
			productName = ScoresApp;
			productReference = 32EAC1FD29BFAA5100C01191 /* ScoresApp.app */;
			productType = "com.apple.product-type.application";
		};
/* End PBXNativeTarget section */

/* Begin PBXProject section */
		32EAC1F529BFAA5100C01191 /* Project object */ = {
			isa = PBXProject;
			attributes = {
				BuildIndependentTargetsInParallel = 1;
				LastSwiftUpdateCheck = 1420;
				LastUpgradeCheck = 1420;
				TargetAttributes = {
					32EAC1FC29BFAA5100C01191 = {
						CreatedOnToolsVersion = 14.2;
					};
				};
			};
			buildConfigurationList = 32EAC1F829BFAA5100C01191 /* Build configuration list for PBXProject "ScoresApp" */;
			compatibilityVersion = "Xcode 14.0";
			developmentRegion = en;
			hasScannedForEncodings = 0;
			knownRegions = (
				en,
				Base,
			);
			mainGroup = 32EAC1F429BFAA5100C01191;
			productRefGroup = 32EAC1FE29BFAA5100C01191 /* Products */;
			projectDirPath = "";
			projectRoot = "";
			targets = (
				32EAC1FC29BFAA5100C01191 /* ScoresApp */,
			);
		};
/* End PBXProject section */

/* Begin PBXResourcesBuildPhase section */
		32EAC1FB29BFAA5100C01191 /* Resources */ = {
			isa = PBXResourcesBuildPhase;
			buildActionMask = 2147483647;
			files = (
				32EAC21A29BFABAE00C01191 /* scoresdata.json in Resources */,
				32EAC20D29BFAA5400C01191 /* LaunchScreen.storyboard in Resources */,
				32EAC20A29BFAA5400C01191 /* Assets.xcassets in Resources */,
				329D7B1C29FF15CD008B6E0B /* MainOld.storyboard in Resources */,
				32EAC20829BFAA5100C01191 /* Main.storyboard in Resources */,
				325AA56429C830B500AEC221 /* Favorites.storyboard in Resources */,
			);
			runOnlyForDeploymentPostprocessing = 0;
		};
/* End PBXResourcesBuildPhase section */

/* Begin PBXSourcesBuildPhase section */
		32EAC1F929BFAA5100C01191 /* Sources */ = {
			isa = PBXSourcesBuildPhase;
			buildActionMask = 2147483647;
			files = (
				329D7B2229FF77A6008B6E0B /* ZeldaScoreNewCell.swift in Sources */,
				3246F66029C0B494003A8503 /* ScoresTableViewController.swift in Sources */,
				3246F65E29C0AB66003A8503 /* ScoresModel.swift in Sources */,
				325F60B829C41FBB000D9F65 /* FavoritesViewController.swift in Sources */,
				329D7B1E29FF76DA008B6E0B /* DiffableScoreTableVC.swift in Sources */,
				325F60B429C35113000D9F65 /* DetailViewController.swift in Sources */,
				325F60B629C41E7B000D9F65 /* AddScoreViewController.swift in Sources */,
				32EAC20129BFAA5100C01191 /* AppDelegate.swift in Sources */,
				32EAC20329BFAA5100C01191 /* SceneDelegate.swift in Sources */,
				325E539629C56A7000565792 /* ViewLogic.swift in Sources */,
				325F60BE29C42649000D9F65 /* ModelLogic.swift in Sources */,
				32FE580229FDE77C0088368E /* ZeldaViewCell.swift in Sources */,
				325A41CD29C6480800C2CBE2 /* Extensions.swift in Sources */,
				325F60BA29C42066000D9F65 /* ModelPersistence.swift in Sources */,
			);
			runOnlyForDeploymentPostprocessing = 0;
		};
/* End PBXSourcesBuildPhase section */

/* Begin PBXVariantGroup section */
		325AA56229C830B500AEC221 /* Favorites.storyboard */ = {
			isa = PBXVariantGroup;
			children = (
				325AA56329C830B500AEC221 /* Base */,
			);
			name = Favorites.storyboard;
			sourceTree = "<group>";
		};
		329D7B1A29FF15CD008B6E0B /* MainOld.storyboard */ = {
			isa = PBXVariantGroup;
			children = (
				329D7B1B29FF15CD008B6E0B /* Base */,
			);
			name = MainOld.storyboard;
			sourceTree = "<group>";
		};
		32EAC20629BFAA5100C01191 /* Main.storyboard */ = {
			isa = PBXVariantGroup;
			children = (
				32EAC20729BFAA5100C01191 /* Base */,
			);
			name = Main.storyboard;
			sourceTree = "<group>";
		};
		32EAC20B29BFAA5400C01191 /* LaunchScreen.storyboard */ = {
			isa = PBXVariantGroup;
			children = (
				32EAC20C29BFAA5400C01191 /* Base */,
			);
			name = LaunchScreen.storyboard;
			sourceTree = "<group>";
		};
/* End PBXVariantGroup section */

/* Begin XCBuildConfiguration section */
		32EAC20F29BFAA5400C01191 /* Debug */ = {
			isa = XCBuildConfiguration;
			buildSettings = {
				ALWAYS_SEARCH_USER_PATHS = NO;
				CLANG_ANALYZER_NONNULL = YES;
				CLANG_ANALYZER_NUMBER_OBJECT_CONVERSION = YES_AGGRESSIVE;
				CLANG_CXX_LANGUAGE_STANDARD = "gnu++20";
				CLANG_ENABLE_MODULES = YES;
				CLANG_ENABLE_OBJC_ARC = YES;
				CLANG_ENABLE_OBJC_WEAK = YES;
				CLANG_WARN_BLOCK_CAPTURE_AUTORELEASING = YES;
				CLANG_WARN_BOOL_CONVERSION = YES;
				CLANG_WARN_COMMA = YES;
				CLANG_WARN_CONSTANT_CONVERSION = YES;
				CLANG_WARN_DEPRECATED_OBJC_IMPLEMENTATIONS = YES;
				CLANG_WARN_DIRECT_OBJC_ISA_USAGE = YES_ERROR;
				CLANG_WARN_DOCUMENTATION_COMMENTS = YES;
				CLANG_WARN_EMPTY_BODY = YES;
				CLANG_WARN_ENUM_CONVERSION = YES;
				CLANG_WARN_INFINITE_RECURSION = YES;
				CLANG_WARN_INT_CONVERSION = YES;
				CLANG_WARN_NON_LITERAL_NULL_CONVERSION = YES;
				CLANG_WARN_OBJC_IMPLICIT_RETAIN_SELF = YES;
				CLANG_WARN_OBJC_LITERAL_CONVERSION = YES;
				CLANG_WARN_OBJC_ROOT_CLASS = YES_ERROR;
				CLANG_WARN_QUOTED_INCLUDE_IN_FRAMEWORK_HEADER = YES;
				CLANG_WARN_RANGE_LOOP_ANALYSIS = YES;
				CLANG_WARN_STRICT_PROTOTYPES = YES;
				CLANG_WARN_SUSPICIOUS_MOVE = YES;
				CLANG_WARN_UNGUARDED_AVAILABILITY = YES_AGGRESSIVE;
				CLANG_WARN_UNREACHABLE_CODE = YES;
				CLANG_WARN__DUPLICATE_METHOD_MATCH = YES;
				COPY_PHASE_STRIP = NO;
				DEBUG_INFORMATION_FORMAT = dwarf;
				ENABLE_STRICT_OBJC_MSGSEND = YES;
				ENABLE_TESTABILITY = YES;
				GCC_C_LANGUAGE_STANDARD = gnu11;
				GCC_DYNAMIC_NO_PIC = NO;
				GCC_NO_COMMON_BLOCKS = YES;
				GCC_OPTIMIZATION_LEVEL = 0;
				GCC_PREPROCESSOR_DEFINITIONS = (
					"DEBUG=1",
					"$(inherited)",
				);
				GCC_WARN_64_TO_32_BIT_CONVERSION = YES;
				GCC_WARN_ABOUT_RETURN_TYPE = YES_ERROR;
				GCC_WARN_UNDECLARED_SELECTOR = YES;
				GCC_WARN_UNINITIALIZED_AUTOS = YES_AGGRESSIVE;
				GCC_WARN_UNUSED_FUNCTION = YES;
				GCC_WARN_UNUSED_VARIABLE = YES;
				IPHONEOS_DEPLOYMENT_TARGET = 16.2;
				MTL_ENABLE_DEBUG_INFO = INCLUDE_SOURCE;
				MTL_FAST_MATH = YES;
				ONLY_ACTIVE_ARCH = YES;
				SDKROOT = iphoneos;
				SWIFT_ACTIVE_COMPILATION_CONDITIONS = DEBUG;
				SWIFT_OPTIMIZATION_LEVEL = "-Onone";
			};
			name = Debug;
		};
		32EAC21029BFAA5400C01191 /* Release */ = {
			isa = XCBuildConfiguration;
			buildSettings = {
				ALWAYS_SEARCH_USER_PATHS = NO;
				CLANG_ANALYZER_NONNULL = YES;
				CLANG_ANALYZER_NUMBER_OBJECT_CONVERSION = YES_AGGRESSIVE;
				CLANG_CXX_LANGUAGE_STANDARD = "gnu++20";
				CLANG_ENABLE_MODULES = YES;
				CLANG_ENABLE_OBJC_ARC = YES;
				CLANG_ENABLE_OBJC_WEAK = YES;
				CLANG_WARN_BLOCK_CAPTURE_AUTORELEASING = YES;
				CLANG_WARN_BOOL_CONVERSION = YES;
				CLANG_WARN_COMMA = YES;
				CLANG_WARN_CONSTANT_CONVERSION = YES;
				CLANG_WARN_DEPRECATED_OBJC_IMPLEMENTATIONS = YES;
				CLANG_WARN_DIRECT_OBJC_ISA_USAGE = YES_ERROR;
				CLANG_WARN_DOCUMENTATION_COMMENTS = YES;
				CLANG_WARN_EMPTY_BODY = YES;
				CLANG_WARN_ENUM_CONVERSION = YES;
				CLANG_WARN_INFINITE_RECURSION = YES;
				CLANG_WARN_INT_CONVERSION = YES;
				CLANG_WARN_NON_LITERAL_NULL_CONVERSION = YES;
				CLANG_WARN_OBJC_IMPLICIT_RETAIN_SELF = YES;
				CLANG_WARN_OBJC_LITERAL_CONVERSION = YES;
				CLANG_WARN_OBJC_ROOT_CLASS = YES_ERROR;
				CLANG_WARN_QUOTED_INCLUDE_IN_FRAMEWORK_HEADER = YES;
				CLANG_WARN_RANGE_LOOP_ANALYSIS = YES;
				CLANG_WARN_STRICT_PROTOTYPES = YES;
				CLANG_WARN_SUSPICIOUS_MOVE = YES;
				CLANG_WARN_UNGUARDED_AVAILABILITY = YES_AGGRESSIVE;
				CLANG_WARN_UNREACHABLE_CODE = YES;
				CLANG_WARN__DUPLICATE_METHOD_MATCH = YES;
				COPY_PHASE_STRIP = NO;
				DEBUG_INFORMATION_FORMAT = "dwarf-with-dsym";
				ENABLE_NS_ASSERTIONS = NO;
				ENABLE_STRICT_OBJC_MSGSEND = YES;
				GCC_C_LANGUAGE_STANDARD = gnu11;
				GCC_NO_COMMON_BLOCKS = YES;
				GCC_WARN_64_TO_32_BIT_CONVERSION = YES;
				GCC_WARN_ABOUT_RETURN_TYPE = YES_ERROR;
				GCC_WARN_UNDECLARED_SELECTOR = YES;
				GCC_WARN_UNINITIALIZED_AUTOS = YES_AGGRESSIVE;
				GCC_WARN_UNUSED_FUNCTION = YES;
				GCC_WARN_UNUSED_VARIABLE = YES;
				IPHONEOS_DEPLOYMENT_TARGET = 16.2;
				MTL_ENABLE_DEBUG_INFO = NO;
				MTL_FAST_MATH = YES;
				SDKROOT = iphoneos;
				SWIFT_COMPILATION_MODE = wholemodule;
				SWIFT_OPTIMIZATION_LEVEL = "-O";
				VALIDATE_PRODUCT = YES;
			};
			name = Release;
		};
		32EAC21229BFAA5400C01191 /* Debug */ = {
			isa = XCBuildConfiguration;
			buildSettings = {
				ASSETCATALOG_COMPILER_APPICON_NAME = AppIcon;
				ASSETCATALOG_COMPILER_GLOBAL_ACCENT_COLOR_NAME = AccentColor;
				CODE_SIGN_STYLE = Automatic;
				CURRENT_PROJECT_VERSION = 1;
				DEVELOPMENT_TEAM = UUUNJ9PXK8;
				GENERATE_INFOPLIST_FILE = YES;
				INFOPLIST_FILE = ScoresApp/Info.plist;
				INFOPLIST_KEY_UIApplicationSupportsIndirectInputEvents = YES;
				INFOPLIST_KEY_UILaunchStoryboardName = LaunchScreen;
				INFOPLIST_KEY_UIMainStoryboardFile = Main;
				INFOPLIST_KEY_UISupportedInterfaceOrientations_iPad = "UIInterfaceOrientationPortrait UIInterfaceOrientationPortraitUpsideDown UIInterfaceOrientationLandscapeLeft UIInterfaceOrientationLandscapeRight";
				INFOPLIST_KEY_UISupportedInterfaceOrientations_iPhone = "UIInterfaceOrientationPortrait UIInterfaceOrientationLandscapeLeft UIInterfaceOrientationLandscapeRight";
				IPHONEOS_DEPLOYMENT_TARGET = 16.2;
				LD_RUNPATH_SEARCH_PATHS = (
					"$(inherited)",
					"@executable_path/Frameworks",
				);
				MARKETING_VERSION = 1.0;
				PRODUCT_BUNDLE_IDENTIFIER = com.roger.devsync.ScoresApp;
				PRODUCT_NAME = "$(TARGET_NAME)";
				SWIFT_EMIT_LOC_STRINGS = YES;
				SWIFT_VERSION = 5.0;
				TARGETED_DEVICE_FAMILY = "1,2";
			};
			name = Debug;
		};
		32EAC21329BFAA5400C01191 /* Release */ = {
			isa = XCBuildConfiguration;
			buildSettings = {
				ASSETCATALOG_COMPILER_APPICON_NAME = AppIcon;
				ASSETCATALOG_COMPILER_GLOBAL_ACCENT_COLOR_NAME = AccentColor;
				CODE_SIGN_STYLE = Automatic;
				CURRENT_PROJECT_VERSION = 1;
				DEVELOPMENT_TEAM = UUUNJ9PXK8;
				GENERATE_INFOPLIST_FILE = YES;
				INFOPLIST_FILE = ScoresApp/Info.plist;
				INFOPLIST_KEY_UIApplicationSupportsIndirectInputEvents = YES;
				INFOPLIST_KEY_UILaunchStoryboardName = LaunchScreen;
				INFOPLIST_KEY_UIMainStoryboardFile = Main;
				INFOPLIST_KEY_UISupportedInterfaceOrientations_iPad = "UIInterfaceOrientationPortrait UIInterfaceOrientationPortraitUpsideDown UIInterfaceOrientationLandscapeLeft UIInterfaceOrientationLandscapeRight";
				INFOPLIST_KEY_UISupportedInterfaceOrientations_iPhone = "UIInterfaceOrientationPortrait UIInterfaceOrientationLandscapeLeft UIInterfaceOrientationLandscapeRight";
				IPHONEOS_DEPLOYMENT_TARGET = 16.2;
				LD_RUNPATH_SEARCH_PATHS = (
					"$(inherited)",
					"@executable_path/Frameworks",
				);
				MARKETING_VERSION = 1.0;
				PRODUCT_BUNDLE_IDENTIFIER = com.roger.devsync.ScoresApp;
				PRODUCT_NAME = "$(TARGET_NAME)";
				SWIFT_EMIT_LOC_STRINGS = YES;
				SWIFT_VERSION = 5.0;
				TARGETED_DEVICE_FAMILY = "1,2";
			};
			name = Release;
		};
/* End XCBuildConfiguration section */

/* Begin XCConfigurationList section */
		32EAC1F829BFAA5100C01191 /* Build configuration list for PBXProject "ScoresApp" */ = {
			isa = XCConfigurationList;
			buildConfigurations = (
				32EAC20F29BFAA5400C01191 /* Debug */,
				32EAC21029BFAA5400C01191 /* Release */,
			);
			defaultConfigurationIsVisible = 0;
			defaultConfigurationName = Release;
		};
		32EAC21129BFAA5400C01191 /* Build configuration list for PBXNativeTarget "ScoresApp" */ = {
			isa = XCConfigurationList;
			buildConfigurations = (
				32EAC21229BFAA5400C01191 /* Debug */,
				32EAC21329BFAA5400C01191 /* Release */,
			);
			defaultConfigurationIsVisible = 0;
			defaultConfigurationName = Release;
		};
/* End XCConfigurationList section */
	};
	rootObject = 32EAC1F529BFAA5100C01191 /* Project object */;
}
